
Microsoft Visual Studio Solution File, Format Version 12.00
# Visual Studio Version 17
VisualStudioVersion = 17.9.34622.214
MinimumVisualStudioVersion = 10.0.40219.1
Project("{9A19103F-16F7-4668-BE54-9A1E7A4F7556}") = "BleebosBistro", "BleebosBistro.csproj", "{ECABD4B5-25E9-4E9E-83E9-F06201323E7A}"
EndProject
Global
	GlobalSection(SolutionConfigurationPlatforms) = preSolution
		Debug|Any CPU = Debug|Any CPU
		Release|Any CPU = Release|Any CPU
	EndGlobalSection
	GlobalSection(ProjectConfigurationPlatforms) = postSolution
		{ECABD4B5-25E9-4E9E-83E9-F06201323E7A}.Debug|Any CPU.ActiveCfg = Debug|Any CPU
		{ECABD4B5-25E9-4E9E-83E9-F06201323E7A}.Debug|Any CPU.Build.0 = Debug|Any CPU
		{ECABD4B5-25E9-4E9E-83E9-F06201323E7A}.Release|Any CPU.ActiveCfg = Release|Any CPU
		{ECABD4B5-25E9-4E9E-83E9-F06201323E7A}.Release|Any CPU.Build.0 = Release|Any CPU
	EndGlobalSection
	GlobalSection(SolutionProperties) = preSolution
		HideSolutionNode = FALSE
	EndGlobalSection
	GlobalSection(ExtensibilityGlobals) = postSolution
		SolutionGuid = {CD0AD5D0-70B4-4162-A5D7-E4623E698238}
	EndGlobalSection
EndGlobal
